# THIS IS AN AUTOGENERATED FILE. DO NOT EDIT THIS FILE DIRECTLY.
# yarn lockfile v1


"@types/d3@^3":
  version "3.5.45"
  resolved "https://registry.yarnpkg.com/@types/d3/-/d3-3.5.45.tgz#cceb1cd8f468b0ed1c96546ddefff3408d7463a7"
  integrity sha512-wLICfMtjDEoAJie1MF6OuksAzOapRXgJy+l5HQVpyC1yMAlvHz2QKrrasUHru8xD6cbgQNGeO+CeyjOlKtly2A==

"@types/plotly.js@^1.28.8":
  version "1.54.15"
  resolved "https://registry.yarnpkg.com/@types/plotly.js/-/plotly.js-1.54.15.tgz#c8efc8d07e9c4c6fae35de06e9b399cc5e2495b6"
  integrity sha512-XU2AvJodVRUWo+Dz4rqR2BcfFDURBdbiPsTeiGb4a4Muwws8Au0pRtUs1eNhWuhX4urx3vLK3etfvSTleXf0yw==
  dependencies:
    "@types/d3" "^3"

"@types/prop-types@*":
  version "15.7.4"
  resolved "https://registry.yarnpkg.com/@types/prop-types/-/prop-types-15.7.4.tgz#fcf7205c25dff795ee79af1e30da2c9790808f11"
  integrity sha512-rZ5drC/jWjrArrS8BR6SIr4cWpW09RNTYt9AMZo3Jwwif+iacXAqgVjm0B0Bv/S1jhDXKHqRVNCbACkJ89RAnQ==

"@types/react-dom@^16.0.2":
  version "16.9.14"
  resolved "https://registry.yarnpkg.com/@types/react-dom/-/react-dom-16.9.14.tgz#674b8f116645fe5266b40b525777fc6bb8eb3bcd"
  integrity sha512-FIX2AVmPTGP30OUJ+0vadeIFJJ07Mh1m+U0rxfgyW34p3rTlXI+nlenvAxNn4BP36YyI9IJ/+UJ7Wu22N1pI7A==
  dependencies:
    "@types/react" "^16"

"@types/react@^16", "@types/react@^16.0.18":
  version "16.14.15"
  resolved "https://registry.yarnpkg.com/@types/react/-/react-16.14.15.tgz#95d8fa3148050e94bcdc5751447921adbe19f9e6"
  integrity sha512-jOxlBV9RGZhphdeqJTCv35VZOkjY+XIEY2owwSk84BNDdDv2xS6Csj6fhi+B/q30SR9Tz8lDNt/F2Z5RF3TrRg==
  dependencies:
    "@types/prop-types" "*"
    "@types/scheduler" "*"
    csstype "^3.0.2"

"@types/scheduler@*":
  version "0.16.2"
  resolved "https://registry.yarnpkg.com/@types/scheduler/-/scheduler-0.16.2.tgz#1a62f89525723dde24ba1b01b092bf5df8ad4d39"
  integrity sha512-hppQEBDmlwhFAXKJX2KnWLYu5yMfi91yazPb2l+lbJiwW+wdo1gNeRA+3RgNSO39WYX2euey41KEwnqesU2Jew==

csstype@^3.0.2:
  version "3.0.8"
  resolved "https://registry.yarnpkg.com/csstype/-/csstype-3.0.8.tgz#d2266a792729fb227cd216fb572f43728e1ad340"
  integrity sha512-jXKhWqXPmlUeoQnF/EhTtTl4C9SnrxSH/jZUih3jmO6lBKr99rP3/+FmrMj4EFpOXzMtXHAZkd3x0E6h6Fgflw==

typescript@^2.5.3:
  version "2.9.2"
  resolved "https://registry.yarnpkg.com/typescript/-/typescript-2.9.2.tgz#1cbf61d05d6b96269244eb6a3bce4bd914e0f00c"
  integrity sha512-Gr4p6nFNaoufRIY4NMdpQRNmgxVIGMs4Fcu/ujdYk3nAZqk7supzBE9idmvfZIlH/Cuj//dvi+019qEue9lV0w==
